
Microsoft Visual Studio Solution File, Format Version 12.00
# Visual Studio Version 16
VisualStudioVersion = 16.0.32002.261
MinimumVisualStudioVersion = 10.0.40219.1
Project("{FAE04EC0-301F-11D3-BF4B-00C04F79EFBC}") = "AutoEnrollTaskLauncher", "AutoEnrollTaskLauncher\AutoEnrollTaskLauncher.csproj", "{71379B70-24D3-41E9-BFAA-28A59F29F62A}"
EndProject
Global
	GlobalSection(SolutionConfigurationPlatforms) = preSolution
		Debug|Any CPU = Debug|Any CPU
		Release|Any CPU = Release|Any CPU
	EndGlobalSection
	GlobalSection(ProjectConfigurationPlatforms) = postSolution
		{71379B70-24D3-41E9-BFAA-28A59F29F62A}.Debug|Any CPU.ActiveCfg = Debug|Any CPU
		{71379B70-24D3-41E9-BFAA-28A59F29F62A}.Debug|Any CPU.Build.0 = Debug|Any CPU
		{71379B70-24D3-41E9-BFAA-28A59F29F62A}.Release|Any CPU.ActiveCfg = Release|Any CPU
		{71379B70-24D3-41E9-BFAA-28A59F29F62A}.Release|Any CPU.Build.0 = Release|Any CPU
	EndGlobalSection
	GlobalSection(SolutionProperties) = preSolution
		HideSolutionNode = FALSE
	EndGlobalSection
	GlobalSection(ExtensibilityGlobals) = postSolution
		SolutionGuid = {0AD89AAC-59C2-4365-AFAA-C9A96649F779}
	EndGlobalSection
EndGlobal
